github.com/dwdwow/golimiter v0.1.2 h1:WILCNNG7fVX7bwVfDJgVrsaY8nXJT9fIVfQ/JjLhl70=
github.com/dwdwow/golimiter v0.1.2/go.mod h1:4Ui/WWI3e/RpowVq5Nid+wtdY9xtBDRRyxvrdPRpi8w=
golang.org/x/time v0.9.0 h1:EsRrnYcQiGH+5FfbgvV4AP7qEZstoyrHB0DzarOQ4ZY=
golang.org/x/time v0.9.0/go.mod h1:3BpzKBy/shNhVucY/MWOyx10tF3SFh9QdLuxbVysPQM=
